
Microsoft Visual Studio Solution File, Format Version 12.00
# Visual Studio Version 17
VisualStudioVersion = 17.7.34202.233
MinimumVisualStudioVersion = 10.0.40219.1
Project("{FAE04EC0-301F-11D3-BF4B-00C04F79EFBC}") = "Toma_Alexandru_Lab1", "Toma_Alexandru_Lab1.csproj", "{59EA57A4-CF3D-4C77-9078-024C686EDFEE}"
EndProject
Global
	GlobalSection(SolutionConfigurationPlatforms) = preSolution
		Debug|Any CPU = Debug|Any CPU
		Release|Any CPU = Release|Any CPU
	EndGlobalSection
	GlobalSection(ProjectConfigurationPlatforms) = postSolution
		{59EA57A4-CF3D-4C77-9078-024C686EDFEE}.Debug|Any CPU.ActiveCfg = Debug|Any CPU
		{59EA57A4-CF3D-4C77-9078-024C686EDFEE}.Debug|Any CPU.Build.0 = Debug|Any CPU
		{59EA57A4-CF3D-4C77-9078-024C686EDFEE}.Release|Any CPU.ActiveCfg = Release|Any CPU
		{59EA57A4-CF3D-4C77-9078-024C686EDFEE}.Release|Any CPU.Build.0 = Release|Any CPU
	EndGlobalSection
	GlobalSection(SolutionProperties) = preSolution
		HideSolutionNode = FALSE
	EndGlobalSection
	GlobalSection(ExtensibilityGlobals) = postSolution
		SolutionGuid = {1F9A476D-AC87-4791-A6AA-2243200090B9}
	EndGlobalSection
EndGlobal
